
Microsoft Visual Studio Solution File, Format Version 12.00
Project("{FAE04EC0-301F-11D3-BF4B-00C04F79EFBC}") = "ch01-EfCoreFirstApp", "ch01-EfCoreFirstApp\ch01-EfCoreFirstApp.csproj", "{5447169A-27DB-4940-8DBE-3472F8666B8B}"
EndProject
Project("{FAE04EC0-301F-11D3-BF4B-00C04F79EFBC}") = "ch04-Sportstore", "ch04-Sportstore\ch04-Sportstore.csproj", "{1F171E85-9D64-4693-93C6-4EAC90FB233A}"
EndProject
Global
	GlobalSection(SolutionConfigurationPlatforms) = preSolution
		Debug|Any CPU = Debug|Any CPU
		Release|Any CPU = Release|Any CPU
	EndGlobalSection
	GlobalSection(ProjectConfigurationPlatforms) = postSolution
		{5447169A-27DB-4940-8DBE-3472F8666B8B}.Debug|Any CPU.ActiveCfg = Debug|Any CPU
		{5447169A-27DB-4940-8DBE-3472F8666B8B}.Debug|Any CPU.Build.0 = Debug|Any CPU
		{5447169A-27DB-4940-8DBE-3472F8666B8B}.Release|Any CPU.ActiveCfg = Release|Any CPU
		{5447169A-27DB-4940-8DBE-3472F8666B8B}.Release|Any CPU.Build.0 = Release|Any CPU
		{1F171E85-9D64-4693-93C6-4EAC90FB233A}.Debug|Any CPU.ActiveCfg = Debug|Any CPU
		{1F171E85-9D64-4693-93C6-4EAC90FB233A}.Debug|Any CPU.Build.0 = Debug|Any CPU
		{1F171E85-9D64-4693-93C6-4EAC90FB233A}.Release|Any CPU.ActiveCfg = Release|Any CPU
		{1F171E85-9D64-4693-93C6-4EAC90FB233A}.Release|Any CPU.Build.0 = Release|Any CPU
	EndGlobalSection
EndGlobal
